
Microsoft Visual Studio Solution File, Format Version 12.00
# Visual Studio 15
VisualStudioVersion = 15.0.28010.2046
MinimumVisualStudioVersion = 10.0.40219.1
Project("{FAE04EC0-301F-11D3-BF4B-00C04F79EFBC}") = "курсач", "курсач\курсач.csproj", "{9A278CD4-7EA9-4408-A3E2-5C4559BCA888}"
EndProject
Global
	GlobalSection(SolutionConfigurationPlatforms) = preSolution
		Debug|Any CPU = Debug|Any CPU
		Release|Any CPU = Release|Any CPU
	EndGlobalSection
	GlobalSection(ProjectConfigurationPlatforms) = postSolution
		{9A278CD4-7EA9-4408-A3E2-5C4559BCA888}.Debug|Any CPU.ActiveCfg = Debug|Any CPU
		{9A278CD4-7EA9-4408-A3E2-5C4559BCA888}.Debug|Any CPU.Build.0 = Debug|Any CPU
		{9A278CD4-7EA9-4408-A3E2-5C4559BCA888}.Release|Any CPU.ActiveCfg = Release|Any CPU
		{9A278CD4-7EA9-4408-A3E2-5C4559BCA888}.Release|Any CPU.Build.0 = Release|Any CPU
	EndGlobalSection
	GlobalSection(SolutionProperties) = preSolution
		HideSolutionNode = FALSE
	EndGlobalSection
	GlobalSection(ExtensibilityGlobals) = postSolution
		SolutionGuid = {6D2DC1D9-87F3-4371-B2DF-C1E611CDB2C4}
	EndGlobalSection
EndGlobal
